// !$*UTF8*$!
{
	archiveVersion = 1;
	classes = {
	};
	objectVersion = 46;
	objects = {

/* Begin PBXBuildFile section */
		9F5097CD1AB348B60073E4BA /* main.m in Sources */ = {isa = PBXBuildFile; fileRef = 9F5097CC1AB348B60073E4BA /* main.m */; };
		9F5097D01AB348B60073E4BA /* AppDelegate.m in Sources */ = {isa = PBXBuildFile; fileRef = 9F5097CF1AB348B60073E4BA /* AppDelegate.m */; };
		9F5097D31AB348B60073E4BA /* FirstViewController.m in Sources */ = {isa = PBXBuildFile; fileRef = 9F5097D21AB348B60073E4BA /* FirstViewController.m */; };
		9F5097D61AB348B60073E4BA /* SecondViewController.m in Sources */ = {isa = PBXBuildFile; fileRef = 9F5097D51AB348B60073E4BA /* SecondViewController.m */; };
		9F5097D91AB348B60073E4BA /* Main.storyboard in Resources */ = {isa = PBXBuildFile; fileRef = 9F5097D71AB348B60073E4BA /* Main.storyboard */; };
		9F5097DB1AB348B60073E4BA /* Images.xcassets in Resources */ = {isa = PBXBuildFile; fileRef = 9F5097DA1AB348B60073E4BA /* Images.xcassets */; };
		9F5097DE1AB348B60073E4BA /* LaunchScreen.xib in Resources */ = {isa = PBXBuildFile; fileRef = 9F5097DC1AB348B60073E4BA /* LaunchScreen.xib */; };
		9F5097EA1AB348B60073E4BA /* imgurTests.m in Sources */ = {isa = PBXBuildFile; fileRef = 9F5097E91AB348B60073E4BA /* imgurTests.m */; };
/* End PBXBuildFile section */

/* Begin PBXContainerItemProxy section */
		9F5097E41AB348B60073E4BA /* PBXContainerItemProxy */ = {
			isa = PBXContainerItemProxy;
			containerPortal = 9F5097BF1AB348B60073E4BA /* Project object */;
			proxyType = 1;
			remoteGlobalIDString = 9F5097C61AB348B60073E4BA;
			remoteInfo = imgur;
		};
/* End PBXContainerItemProxy section */

/* Begin PBXFileReference section */
		9F5097C71AB348B60073E4BA /* imgur.app */ = {isa = PBXFileReference; explicitFileType = wrapper.application; includeInIndex = 0; path = imgur.app; sourceTree = BUILT_PRODUCTS_DIR; };
		9F5097CB1AB348B60073E4BA /* Info.plist */ = {isa = PBXFileReference; lastKnownFileType = text.plist.xml; path = Info.plist; sourceTree = "<group>"; };
		9F5097CC1AB348B60073E4BA /* main.m */ = {isa = PBXFileReference; lastKnownFileType = sourcecode.c.objc; path = main.m; sourceTree = "<group>"; };
		9F5097CE1AB348B60073E4BA /* AppDelegate.h */ = {isa = PBXFileReference; lastKnownFileType = sourcecode.c.h; path = AppDelegate.h; sourceTree = "<group>"; };
		9F5097CF1AB348B60073E4BA /* AppDelegate.m */ = {isa = PBXFileReference; lastKnownFileType = sourcecode.c.objc; path = AppDelegate.m; sourceTree = "<group>"; };
		9F5097D11AB348B60073E4BA /* FirstViewController.h */ = {isa = PBXFileReference; lastKnownFileType = sourcecode.c.h; path = FirstViewController.h; sourceTree = "<group>"; };
		9F5097D21AB348B60073E4BA /* FirstViewController.m */ = {isa = PBXFileReference; lastKnownFileType = sourcecode.c.objc; path = FirstViewController.m; sourceTree = "<group>"; };
		9F5097D41AB348B60073E4BA /* SecondViewController.h */ = {isa = PBXFileReference; lastKnownFileType = sourcecode.c.h; path = SecondViewController.h; sourceTree = "<group>"; };
		9F5097D51AB348B60073E4BA /* SecondViewController.m */ = {isa = PBXFileReference; lastKnownFileType = sourcecode.c.objc; path = SecondViewController.m; sourceTree = "<group>"; };
		9F5097D81AB348B60073E4BA /* Base */ = {isa = PBXFileReference; lastKnownFileType = file.storyboard; name = Base; path = Base.lproj/Main.storyboard; sourceTree = "<group>"; };
		9F5097DA1AB348B60073E4BA /* Images.xcassets */ = {isa = PBXFileReference; lastKnownFileType = folder.assetcatalog; path = Images.xcassets; sourceTree = "<group>"; };
		9F5097DD1AB348B60073E4BA /* Base */ = {isa = PBXFileReference; lastKnownFileType = file.xib; name = Base; path = Base.lproj/LaunchScreen.xib; sourceTree = "<group>"; };
		9F5097E31AB348B60073E4BA /* imgurTests.xctest */ = {isa = PBXFileReference; explicitFileType = wrapper.cfbundle; includeInIndex = 0; path = imgurTests.xctest; sourceTree = BUILT_PRODUCTS_DIR; };
		9F5097E81AB348B60073E4BA /* Info.plist */ = {isa = PBXFileReference; lastKnownFileType = text.plist.xml; path = Info.plist; sourceTree = "<group>"; };
		9F5097E91AB348B60073E4BA /* imgurTests.m */ = {isa = PBXFileReference; lastKnownFileType = sourcecode.c.objc; path = imgurTests.m; sourceTree = "<group>"; };
/* End PBXFileReference section */

/* Begin PBXFrameworksBuildPhase section */
		9F5097C41AB348B60073E4BA /* Frameworks */ = {
			isa = PBXFrameworksBuildPhase;
			buildActionMask = 2147483647;
			files = (
			);
			runOnlyForDeploymentPostprocessing = 0;
		};
		9F5097E01AB348B60073E4BA /* Frameworks */ = {
			isa = PBXFrameworksBuildPhase;
			buildActionMask = 2147483647;
			files = (
			);
			runOnlyForDeploymentPostprocessing = 0;
		};
/* End PBXFrameworksBuildPhase section */

/* Begin PBXGroup section */
		9F5097BE1AB348B60073E4BA = {
			isa = PBXGroup;
			children = (
				9F5097C91AB348B60073E4BA /* imgur */,
				9F5097E61AB348B60073E4BA /* imgurTests */,
				9F5097C81AB348B60073E4BA /* Products */,
			);
			sourceTree = "<group>";
		};
		9F5097C81AB348B60073E4BA /* Products */ = {
			isa = PBXGroup;
			children = (
				9F5097C71AB348B60073E4BA /* imgur.app */,
				9F5097E31AB348B60073E4BA /* imgurTests.xctest */,
			);
			name = Products;
			sourceTree = "<group>";
		};
		9F5097C91AB348B60073E4BA /* imgur */ = {
			isa = PBXGroup;
			children = (
				9F5097CE1AB348B60073E4BA /* AppDelegate.h */,
				9F5097CF1AB348B60073E4BA /* AppDelegate.m */,
				9F5097D11AB348B60073E4BA /* FirstViewController.h */,
				9F5097D21AB348B60073E4BA /* FirstViewController.m */,
				9F5097D41AB348B60073E4BA /* SecondViewController.h */,
				9F5097D51AB348B60073E4BA /* SecondViewController.m */,
				9F5097D71AB348B60073E4BA /* Main.storyboard */,
				9F5097DA1AB348B60073E4BA /* Images.xcassets */,
				9F5097DC1AB348B60073E4BA /* LaunchScreen.xib */,
				9F5097CA1AB348B60073E4BA /* Supporting Files */,
			);
			path = imgur;
			sourceTree = "<group>";
		};
		9F5097CA1AB348B60073E4BA /* Supporting Files */ = {
			isa = PBXGroup;
			children = (
				9F5097CB1AB348B60073E4BA /* Info.plist */,
				9F5097CC1AB348B60073E4BA /* main.m */,
			);
			name = "Supporting Files";
			sourceTree = "<group>";
		};
		9F5097E61AB348B60073E4BA /* imgurTests */ = {
			isa = PBXGroup;
			children = (
				9F5097E91AB348B60073E4BA /* imgurTests.m */,
				9F5097E71AB348B60073E4BA /* Supporting Files */,
			);
			path = imgurTests;
			sourceTree = "<group>";
		};
		9F5097E71AB348B60073E4BA /* Supporting Files */ = {
			isa = PBXGroup;
			children = (
				9F5097E81AB348B60073E4BA /* Info.plist */,
			);
			name = "Supporting Files";
			sourceTree = "<group>";
		};
/* End PBXGroup section */

/* Begin PBXNativeTarget section */
		9F5097C61AB348B60073E4BA /* imgur */ = {
			isa = PBXNativeTarget;
			buildConfigurationList = 9F5097ED1AB348B60073E4BA /* Build configuration list for PBXNativeTarget "imgur" */;
			buildPhases = (
				9F5097C31AB348B60073E4BA /* Sources */,
				9F5097C41AB348B60073E4BA /* Frameworks */,
				9F5097C51AB348B60073E4BA /* Resources */,
			);
			buildRules = (
			);
			dependencies = (
			);
			name = imgur;
			productName = imgur;
			productReference = 9F5097C71AB348B60073E4BA /* imgur.app */;
			productType = "com.apple.product-type.application";
		};
		9F5097E21AB348B60073E4BA /* imgurTests */ = {
			isa = PBXNativeTarget;
			buildConfigurationList = 9F5097F01AB348B60073E4BA /* Build configuration list for PBXNativeTarget "imgurTests" */;
			buildPhases = (
				9F5097DF1AB348B60073E4BA /* Sources */,
				9F5097E01AB348B60073E4BA /* Frameworks */,
				9F5097E11AB348B60073E4BA /* Resources */,
			);
			buildRules = (
			);
			dependencies = (
				9F5097E51AB348B60073E4BA /* PBXTargetDependency */,
			);
			name = imgurTests;
			productName = imgurTests;
			productReference = 9F5097E31AB348B60073E4BA /* imgurTests.xctest */;
			productType = "com.apple.product-type.bundle.unit-test";
		};
/* End PBXNativeTarget section */

/* Begin PBXProject section */
		9F5097BF1AB348B60073E4BA /* Project object */ = {
			isa = PBXProject;
			attributes = {
				LastUpgradeCheck = 0620;
				ORGANIZATIONNAME = Netfilter;
				TargetAttributes = {
					9F5097C61AB348B60073E4BA = {
						CreatedOnToolsVersion = 6.2;
					};
					9F5097E21AB348B60073E4BA = {
						CreatedOnToolsVersion = 6.2;
						TestTargetID = 9F5097C61AB348B60073E4BA;
					};
				};
			};
			buildConfigurationList = 9F5097C21AB348B60073E4BA /* Build configuration list for PBXProject "imgur" */;
			compatibilityVersion = "Xcode 3.2";
			developmentRegion = English;
			hasScannedForEncodings = 0;
			knownRegions = (
				en,
				Base,
			);
			mainGroup = 9F5097BE1AB348B60073E4BA;
			productRefGroup = 9F5097C81AB348B60073E4BA /* Products */;
			projectDirPath = "";
			projectRoot = "";
			targets = (
				9F5097C61AB348B60073E4BA /* imgur */,
				9F5097E21AB348B60073E4BA /* imgurTests */,
			);
		};
/* End PBXProject section */

/* Begin PBXResourcesBuildPhase section */
		9F5097C51AB348B60073E4BA /* Resources */ = {
			isa = PBXResourcesBuildPhase;
			buildActionMask = 2147483647;
			files = (
				9F5097D91AB348B60073E4BA /* Main.storyboard in Resources */,
				9F5097DE1AB348B60073E4BA /* LaunchScreen.xib in Resources */,
				9F5097DB1AB348B60073E4BA /* Images.xcassets in Resources */,
			);
			runOnlyForDeploymentPostprocessing = 0;
		};
		9F5097E11AB348B60073E4BA /* Resources */ = {
			isa = PBXResourcesBuildPhase;
			buildActionMask = 2147483647;
			files = (
			);
			runOnlyForDeploymentPostprocessing = 0;
		};
/* End PBXResourcesBuildPhase section */

/* Begin PBXSourcesBuildPhase section */
		9F5097C31AB348B60073E4BA /* Sources */ = {
			isa = PBXSourcesBuildPhase;
			buildActionMask = 2147483647;
			files = (
				9F5097D61AB348B60073E4BA /* SecondViewController.m in Sources */,
				9F5097D01AB348B60073E4BA /* AppDelegate.m in Sources */,
				9F5097D31AB348B60073E4BA /* FirstViewController.m in Sources */,
				9F5097CD1AB348B60073E4BA /* main.m in Sources */,
			);
			runOnlyForDeploymentPostprocessing = 0;
		};
		9F5097DF1AB348B60073E4BA /* Sources */ = {
			isa = PBXSourcesBuildPhase;
			buildActionMask = 2147483647;
			files = (
				9F5097EA1AB348B60073E4BA /* imgurTests.m in Sources */,
			);
			runOnlyForDeploymentPostprocessing = 0;
		};
/* End PBXSourcesBuildPhase section */

/* Begin PBXTargetDependency section */
		9F5097E51AB348B60073E4BA /* PBXTargetDependency */ = {
			isa = PBXTargetDependency;
			target = 9F5097C61AB348B60073E4BA /* imgur */;
			targetProxy = 9F5097E41AB348B60073E4BA /* PBXContainerItemProxy */;
		};
/* End PBXTargetDependency section */

/* Begin PBXVariantGroup section */
		9F5097D71AB348B60073E4BA /* Main.storyboard */ = {
			isa = PBXVariantGroup;
			children = (
				9F5097D81AB348B60073E4BA /* Base */,
			);
			name = Main.storyboard;
			sourceTree = "<group>";
		};
		9F5097DC1AB348B60073E4BA /* LaunchScreen.xib */ = {
			isa = PBXVariantGroup;
			children = (
				9F5097DD1AB348B60073E4BA /* Base */,
			);
			name = LaunchScreen.xib;
			sourceTree = "<group>";
		};
/* End PBXVariantGroup section */

/* Begin XCBuildConfiguration section */
		9F5097EB1AB348B60073E4BA /* Debug */ = {
			isa = XCBuildConfiguration;
			buildSettings = {
				ALWAYS_SEARCH_USER_PATHS = NO;
				CLANG_CXX_LANGUAGE_STANDARD = "gnu++0x";
				CLANG_CXX_LIBRARY = "libc++";
				CLANG_ENABLE_MODULES = YES;
				CLANG_ENABLE_OBJC_ARC = YES;
				CLANG_WARN_BOOL_CONVERSION = YES;
				CLANG_WARN_CONSTANT_CONVERSION = YES;
				CLANG_WARN_DIRECT_OBJC_ISA_USAGE = YES_ERROR;
				CLANG_WARN_EMPTY_BODY = YES;
				CLANG_WARN_ENUM_CONVERSION = YES;
				CLANG_WARN_INT_CONVERSION = YES;
				CLANG_WARN_OBJC_ROOT_CLASS = YES_ERROR;
				CLANG_WARN_UNREACHABLE_CODE = YES;
				CLANG_WARN__DUPLICATE_METHOD_MATCH = YES;
				"CODE_SIGN_IDENTITY[sdk=iphoneos*]" = "iPhone Developer";
				COPY_PHASE_STRIP = NO;
				ENABLE_STRICT_OBJC_MSGSEND = YES;
				GCC_C_LANGUAGE_STANDARD = gnu99;
				GCC_DYNAMIC_NO_PIC = NO;
				GCC_OPTIMIZATION_LEVEL = 0;
				GCC_PREPROCESSOR_DEFINITIONS = (
					"DEBUG=1",
					"$(inherited)",
				);
				GCC_SYMBOLS_PRIVATE_EXTERN = NO;
				GCC_WARN_64_TO_32_BIT_CONVERSION = YES;
				GCC_WARN_ABOUT_RETURN_TYPE = YES_ERROR;
				GCC_WARN_UNDECLARED_SELECTOR = YES;
				GCC_WARN_UNINITIALIZED_AUTOS = YES_AGGRESSIVE;
				GCC_WARN_UNUSED_FUNCTION = YES;
				GCC_WARN_UNUSED_VARIABLE = YES;
				IPHONEOS_DEPLOYMENT_TARGET = 8.2;
				MTL_ENABLE_DEBUG_INFO = YES;
				ONLY_ACTIVE_ARCH = YES;
				SDKROOT = iphoneos;
				TARGETED_DEVICE_FAMILY = "1,2";
			};
			name = Debug;
		};
		9F5097EC1AB348B60073E4BA /* Release */ = {
			isa = XCBuildConfiguration;
			buildSettings = {
				ALWAYS_SEARCH_USER_PATHS = NO;
				CLANG_CXX_LANGUAGE_STANDARD = "gnu++0x";
				CLANG_CXX_LIBRARY = "libc++";
				CLANG_ENABLE_MODULES = YES;
				CLANG_ENABLE_OBJC_ARC = YES;
				CLANG_WARN_BOOL_CONVERSION = YES;
				CLANG_WARN_CONSTANT_CONVERSION = YES;
				CLANG_WARN_DIRECT_OBJC_ISA_USAGE = YES_ERROR;
				CLANG_WARN_EMPTY_BODY = YES;
				CLANG_WARN_ENUM_CONVERSION = YES;
				CLANG_WARN_INT_CONVERSION = YES;
				CLANG_WARN_OBJC_ROOT_CLASS = YES_ERROR;
				CLANG_WARN_UNREACHABLE_CODE = YES;
				CLANG_WARN__DUPLICATE_METHOD_MATCH = YES;
				"CODE_SIGN_IDENTITY[sdk=iphoneos*]" = "iPhone Developer";
				COPY_PHASE_STRIP = NO;
				ENABLE_NS_ASSERTIONS = NO;
				ENABLE_STRICT_OBJC_MSGSEND = YES;
				GCC_C_LANGUAGE_STANDARD = gnu99;
				GCC_WARN_64_TO_32_BIT_CONVERSION = YES;
				GCC_WARN_ABOUT_RETURN_TYPE = YES_ERROR;
				GCC_WARN_UNDECLARED_SELECTOR = YES;
				GCC_WARN_UNINITIALIZED_AUTOS = YES_AGGRESSIVE;
				GCC_WARN_UNUSED_FUNCTION = YES;
				GCC_WARN_UNUSED_VARIABLE = YES;
				IPHONEOS_DEPLOYMENT_TARGET = 8.2;
				MTL_ENABLE_DEBUG_INFO = NO;
				SDKROOT = iphoneos;
				TARGETED_DEVICE_FAMILY = "1,2";
				VALIDATE_PRODUCT = YES;
			};
			name = Release;
		};
		9F5097EE1AB348B60073E4BA /* Debug */ = {
			isa = XCBuildConfiguration;
			buildSettings = {
				ASSETCATALOG_COMPILER_APPICON_NAME = AppIcon;
				INFOPLIST_FILE = imgur/Info.plist;
				LD_RUNPATH_SEARCH_PATHS = "$(inherited) @executable_path/Frameworks";
				PRODUCT_NAME = "$(TARGET_NAME)";
			};
			name = Debug;
		};
		9F5097EF1AB348B60073E4BA /* Release */ = {
			isa = XCBuildConfiguration;
			buildSettings = {
				ASSETCATALOG_COMPILER_APPICON_NAME = AppIcon;
				INFOPLIST_FILE = imgur/Info.plist;
				LD_RUNPATH_SEARCH_PATHS = "$(inherited) @executable_path/Frameworks";
				PRODUCT_NAME = "$(TARGET_NAME)";
			};
			name = Release;
		};
		9F5097F11AB348B60073E4BA /* Debug */ = {
			isa = XCBuildConfiguration;
			buildSettings = {
				BUNDLE_LOADER = "$(TEST_HOST)";
				FRAMEWORK_SEARCH_PATHS = (
					"$(SDKROOT)/Developer/Library/Frameworks",
					"$(inherited)",
				);
				GCC_PREPROCESSOR_DEFINITIONS = (
					"DEBUG=1",
					"$(inherited)",
				);
				INFOPLIST_FILE = imgurTests/Info.plist;
				LD_RUNPATH_SEARCH_PATHS = "$(inherited) @executable_path/Frameworks @loader_path/Frameworks";
				PRODUCT_NAME = "$(TARGET_NAME)";
				TEST_HOST = "$(BUILT_PRODUCTS_DIR)/imgur.app/imgur";
			};
			name = Debug;
		};
		9F5097F21AB348B60073E4BA /* Release */ = {
			isa = XCBuildConfiguration;
			buildSettings = {
				BUNDLE_LOADER = "$(TEST_HOST)";
				FRAMEWORK_SEARCH_PATHS = (
					"$(SDKROOT)/Developer/Library/Frameworks",
					"$(inherited)",
				);
				INFOPLIST_FILE = imgurTests/Info.plist;
				LD_RUNPATH_SEARCH_PATHS = "$(inherited) @executable_path/Frameworks @loader_path/Frameworks";
				PRODUCT_NAME = "$(TARGET_NAME)";
				TEST_HOST = "$(BUILT_PRODUCTS_DIR)/imgur.app/imgur";
			};
			name = Release;
		};
/* End XCBuildConfiguration section */

/* Begin XCConfigurationList section */
		9F5097C21AB348B60073E4BA /* Build configuration list for PBXProject "imgur" */ = {
			isa = XCConfigurationList;
			buildConfigurations = (
				9F5097EB1AB348B60073E4BA /* Debug */,
				9F5097EC1AB348B60073E4BA /* Release */,
			);
			defaultConfigurationIsVisible = 0;
			defaultConfigurationName = Release;
		};
		9F5097ED1AB348B60073E4BA /* Build configuration list for PBXNativeTarget "imgur" */ = {
			isa = XCConfigurationList;
			buildConfigurations = (
				9F5097EE1AB348B60073E4BA /* Debug */,
				9F5097EF1AB348B60073E4BA /* Release */,
			);
			defaultConfigurationIsVisible = 0;
		};
		9F5097F01AB348B60073E4BA /* Build configuration list for PBXNativeTarget "imgurTests" */ = {
			isa = XCConfigurationList;
			buildConfigurations = (
				9F5097F11AB348B60073E4BA /* Debug */,
				9F5097F21AB348B60073E4BA /* Release */,
			);
			defaultConfigurationIsVisible = 0;
		};
/* End XCConfigurationList section */
	};
	rootObject = 9F5097BF1AB348B60073E4BA /* Project object */;
}
